
Microsoft Visual Studio Solution File, Format Version 12.00
# Visual Studio 15
VisualStudioVersion = 15.0.27428.2027
MinimumVisualStudioVersion = 10.0.40219.1
Project("{FAE04EC0-301F-11D3-BF4B-00C04F79EFBC}") = "NCCChurchApp", "NCCChurchApp\NCCChurchApp.csproj", "{E9C30EA3-E3E2-47BB-ADBA-4F64C3CD8E24}"
EndProject
Project("{FAE04EC0-301F-11D3-BF4B-00C04F79EFBC}") = "NCCChurchApp.Model", "NCCChurchApp.Model\NCCChurchApp.Model.csproj", "{A7EA3A7F-C0A2-4BEF-9B6B-B1F766C6CC9D}"
EndProject
Global
	GlobalSection(SolutionConfigurationPlatforms) = preSolution
		Debug|Any CPU = Debug|Any CPU
		Release|Any CPU = Release|Any CPU
	EndGlobalSection
	GlobalSection(ProjectConfigurationPlatforms) = postSolution
		{E9C30EA3-E3E2-47BB-ADBA-4F64C3CD8E24}.Debug|Any CPU.ActiveCfg = Debug|Any CPU
		{E9C30EA3-E3E2-47BB-ADBA-4F64C3CD8E24}.Debug|Any CPU.Build.0 = Debug|Any CPU
		{E9C30EA3-E3E2-47BB-ADBA-4F64C3CD8E24}.Release|Any CPU.ActiveCfg = Release|Any CPU
		{E9C30EA3-E3E2-47BB-ADBA-4F64C3CD8E24}.Release|Any CPU.Build.0 = Release|Any CPU
		{A7EA3A7F-C0A2-4BEF-9B6B-B1F766C6CC9D}.Debug|Any CPU.ActiveCfg = Debug|Any CPU
		{A7EA3A7F-C0A2-4BEF-9B6B-B1F766C6CC9D}.Debug|Any CPU.Build.0 = Debug|Any CPU
		{A7EA3A7F-C0A2-4BEF-9B6B-B1F766C6CC9D}.Release|Any CPU.ActiveCfg = Release|Any CPU
		{A7EA3A7F-C0A2-4BEF-9B6B-B1F766C6CC9D}.Release|Any CPU.Build.0 = Release|Any CPU
	EndGlobalSection
	GlobalSection(SolutionProperties) = preSolution
		HideSolutionNode = FALSE
	EndGlobalSection
	GlobalSection(ExtensibilityGlobals) = postSolution
		SolutionGuid = {06D96F13-6EC6-4119-8253-4E1EC5F7F1F4}
	EndGlobalSection
EndGlobal
